
Microsoft Visual Studio Solution File, Format Version 12.00
# Visual Studio Version 17
VisualStudioVersion = 17.4.33213.308
MinimumVisualStudioVersion = 10.0.40219.1
Project("{FAE04EC0-301F-11D3-BF4B-00C04F79EFBC}") = "ooapLab3Startegy", "ooapLab3Startegy.csproj", "{87FBB4F0-420C-49AF-9D82-702028595414}"
EndProject
Global
	GlobalSection(SolutionConfigurationPlatforms) = preSolution
		Debug|Any CPU = Debug|Any CPU
		Release|Any CPU = Release|Any CPU
	EndGlobalSection
	GlobalSection(ProjectConfigurationPlatforms) = postSolution
		{87FBB4F0-420C-49AF-9D82-702028595414}.Debug|Any CPU.ActiveCfg = Debug|Any CPU
		{87FBB4F0-420C-49AF-9D82-702028595414}.Debug|Any CPU.Build.0 = Debug|Any CPU
		{87FBB4F0-420C-49AF-9D82-702028595414}.Release|Any CPU.ActiveCfg = Release|Any CPU
		{87FBB4F0-420C-49AF-9D82-702028595414}.Release|Any CPU.Build.0 = Release|Any CPU
	EndGlobalSection
	GlobalSection(SolutionProperties) = preSolution
		HideSolutionNode = FALSE
	EndGlobalSection
	GlobalSection(ExtensibilityGlobals) = postSolution
		SolutionGuid = {97805520-3EF9-44EA-8FE2-266AE50EF523}
	EndGlobalSection
EndGlobal
